
Microsoft Visual Studio Solution File, Format Version 12.00
# Visual Studio Version 16
VisualStudioVersion = 16.0.29613.14
MinimumVisualStudioVersion = 10.0.40219.1
Project("{FAE04EC0-301F-11D3-BF4B-00C04F79EFBC}") = "Shamsi Photo Organizer", "Shamsi Photo Organizer\Shamsi Photo Organizer.csproj", "{8997A9DE-F4F6-4C59-B17E-FF8A5E241E6C}"
EndProject
Global
	GlobalSection(SolutionConfigurationPlatforms) = preSolution
		Debug|Any CPU = Debug|Any CPU
		Release|Any CPU = Release|Any CPU
	EndGlobalSection
	GlobalSection(ProjectConfigurationPlatforms) = postSolution
		{8997A9DE-F4F6-4C59-B17E-FF8A5E241E6C}.Debug|Any CPU.ActiveCfg = Debug|Any CPU
		{8997A9DE-F4F6-4C59-B17E-FF8A5E241E6C}.Debug|Any CPU.Build.0 = Debug|Any CPU
		{8997A9DE-F4F6-4C59-B17E-FF8A5E241E6C}.Release|Any CPU.ActiveCfg = Release|Any CPU
		{8997A9DE-F4F6-4C59-B17E-FF8A5E241E6C}.Release|Any CPU.Build.0 = Release|Any CPU
	EndGlobalSection
	GlobalSection(SolutionProperties) = preSolution
		HideSolutionNode = FALSE
	EndGlobalSection
	GlobalSection(ExtensibilityGlobals) = postSolution
		SolutionGuid = {A4964806-2A7F-48F1-8859-FCE1515EF17E}
	EndGlobalSection
EndGlobal
